
Microsoft Visual Studio Solution File, Format Version 12.00
# Visual Studio Version 16
VisualStudioVersion = 16.0.31624.102
MinimumVisualStudioVersion = 10.0.40219.1
Project("{8BC9CEB8-8B4A-11D0-8D11-00A0C91BC942}") = "Rotating triangle interactions", "Rotating triangle interactions\Rotating triangle interactions.vcxproj", "{76636047-CC10-4E7C-A8B2-6132759E37E4}"
EndProject
Global
	GlobalSection(SolutionConfigurationPlatforms) = preSolution
		Debug|x64 = Debug|x64
		Debug|x86 = Debug|x86
		Release|x64 = Release|x64
		Release|x86 = Release|x86
	EndGlobalSection
	GlobalSection(ProjectConfigurationPlatforms) = postSolution
		{76636047-CC10-4E7C-A8B2-6132759E37E4}.Debug|x64.ActiveCfg = Debug|x64
		{76636047-CC10-4E7C-A8B2-6132759E37E4}.Debug|x64.Build.0 = Debug|x64
		{76636047-CC10-4E7C-A8B2-6132759E37E4}.Debug|x86.ActiveCfg = Debug|Win32
		{76636047-CC10-4E7C-A8B2-6132759E37E4}.Debug|x86.Build.0 = Debug|Win32
		{76636047-CC10-4E7C-A8B2-6132759E37E4}.Release|x64.ActiveCfg = Release|x64
		{76636047-CC10-4E7C-A8B2-6132759E37E4}.Release|x64.Build.0 = Release|x64
		{76636047-CC10-4E7C-A8B2-6132759E37E4}.Release|x86.ActiveCfg = Release|Win32
		{76636047-CC10-4E7C-A8B2-6132759E37E4}.Release|x86.Build.0 = Release|Win32
	EndGlobalSection
	GlobalSection(SolutionProperties) = preSolution
		HideSolutionNode = FALSE
	EndGlobalSection
	GlobalSection(ExtensibilityGlobals) = postSolution
		SolutionGuid = {368C4200-7D2B-4E58-AB8D-686A6B299FBD}
	EndGlobalSection
EndGlobal
